<?xml version="1.0" encoding="utf-8"?>
<Project ToolsVersion="4.0" xmlns="http://schemas.microsoft.com/developer/msbuild/2003">
  <ItemGroup>
    <Filter Include="Source Files">
      <UniqueIdentifier>{4FC737F1-C7A5-4376-A066-2A32D752A2FF}</UniqueIdentifier>
      <Extensions>cpp;c;cc;cxx;def;odl;idl;hpj;bat;asm;asmx</Extensions>
    </Filter>
    <Filter Include="Resource Files">
      <UniqueIdentifier>{67DA6AB6-F800-4c08-8B7A-83BB121AAD01}</UniqueIdentifier>
      <Extensions>rc;ico;cur;bmp;dlg;rc2;rct;bin;rgs;gif;jpg;jpeg;jpe;resx;tiff;tif;png;wav;mfcribbon-ms</Extensions>
    </Filter>
    <Filter Include="Source Files\Input">
      <UniqueIdentifier>{c5eb84bd-d190-4471-8afb-5dad6ca3330e}</UniqueIdentifier>
    </Filter>
    <Filter Include="Source Files\Shaders">
      <UniqueIdentifier>{d79bb6b0-168e-4dd4-b532-3acf54f1b54d}</UniqueIdentifier>
    </Filter>
    <Filter Include="Source Files\TestEnvironment">
      <UniqueIdentifier>{0ecd1947-af61-4764-b6e4-c239a480bb4b}</UniqueIdentifier>
    </Filter>
    <Filter Include="Source Files\TestEnvironment\Camera">
      <UniqueIdentifier>{b27f35f6-6dc0-4ad5-91ab-990fb3adb8b7}</UniqueIdentifier>
    </Filter>
    <Filter Include="Resource Files\Shaders">
      <UniqueIdentifier>{cc3f4573-53e4-4297-b98d-c21370378ffa}</UniqueIdentifier>
    </Filter>
    <Filter Include="Source Files\Audio">
      <UniqueIdentifier>{07c5d267-89f7-4ead-baa1-52b4e60f3cc1}</UniqueIdentifier>
    </Filter>
    <Filter Include="Source Files\Audio\Systems">
      <UniqueIdentifier>{fe04245d-a6c2-4024-8f35-5b8962110fed}</UniqueIdentifier>
    </Filter>
    <Filter Include="Source Files\Audio\Systems\System_FMOD">
      <UniqueIdentifier>{44df89e7-fcba-43cc-a0ee-a88df70c6ba8}</UniqueIdentifier>
    </Filter>
    <Filter Include="Source Files\Audio\Systems\System_Common">
      <UniqueIdentifier>{18baf570-63b1-452a-942f-f09447b6892c}</UniqueIdentifier>
    </Filter>
    <Filter Include="Resource Files\Audio">
      <UniqueIdentifier>{41751f75-972b-45b8-9a86-f9b14caa2a67}</UniqueIdentifier>
    </Filter>
    <Filter Include="Source Files\Audio\Systems\System_TxikiAudio">
      <UniqueIdentifier>{2df5b9be-2f0a-49ac-8426-fc87e906f1fc}</UniqueIdentifier>
    </Filter>
    <Filter Include="Source Files\Audio\Systems\System_TxikiAudio\TxikiAudio">
      <UniqueIdentifier>{385101de-1738-4516-b298-62bde4439ad0}</UniqueIdentifier>
    </Filter>
  </ItemGroup>
  <ItemGroup>
    <ClCompile Include="src\main.cpp">
      <Filter>Source Files</Filter>
    </ClCompile>
  </ItemGroup>
  <ItemGroup>
    <ClInclude Include="src\Input\Input.h">
      <Filter>Source Files\Input</Filter>
    </ClInclude>
    <ClInclude Include="src\Shaders\Shader.h">
      <Filter>Source Files\Shaders</Filter>
    </ClInclude>
    <ClInclude Include="src\TestEnvironment\Camera\Camera.h">
      <Filter>Source Files\TestEnvironment\Camera</Filter>
    </ClInclude>
    <ClInclude Include="src\TestEnvironment\Camera\FreeCamera.h">
      <Filter>Source Files\TestEnvironment\Camera</Filter>
    </ClInclude>
    <ClInclude Include="src\TestEnvironment\TestEnvironment.h">
      <Filter>Source Files\TestEnvironment</Filter>
    </ClInclude>
    <ClInclude Include="src\Audio\AudioManager.h">
      <Filter>Source Files\Audio</Filter>
    </ClInclude>
    <ClInclude Include="src\Audio\System\AudioSystem.h">
      <Filter>Source Files\Audio\Systems</Filter>
    </ClInclude>
    <ClInclude Include="src\Audio\System\System_Common\AudioSystemCommon.h">
      <Filter>Source Files\Audio\Systems\System_Common</Filter>
    </ClInclude>
    <ClInclude Include="src\Audio\System\System_FMOD\AudioSystemFMOD.h">
      <Filter>Source Files\Audio\Systems\System_FMOD</Filter>
    </ClInclude>
    <ClInclude Include="src\Audio\System\System_TxikiAudio\AudioSystemTxikiAudio.h">
      <Filter>Source Files\Audio\Systems\System_TxikiAudio</Filter>
    </ClInclude>
    <ClInclude Include="src\Audio\System\System_TxikiAudio\TxikiAudio\TxikiAudio.h">
      <Filter>Source Files\Audio\Systems\System_TxikiAudio\TxikiAudio</Filter>
    </ClInclude>
    <ClInclude Include="src\Audio\System\System_Common\AudioSystemDefines.h">
      <Filter>Source Files\Audio\Systems\System_Common</Filter>
    </ClInclude>
  </ItemGroup>
  <ItemGroup>
    <None Include="assets\Shaders\basic.frag">
      <Filter>Resource Files\Shaders</Filter>
    </None>
    <None Include="assets\Shaders\basic.vert">
      <Filter>Resource Files\Shaders</Filter>
    </None>
  </ItemGroup>
  <ItemGroup>
    <Media Include="assets\Audio\sound.wav">
      <Filter>Resource Files\Audio</Filter>
    </Media>
  </ItemGroup>
</Project>